
Microsoft Visual Studio Solution File, Format Version 12.00
# Visual Studio 15
VisualStudioVersion = 15.0.27130.2026
MinimumVisualStudioVersion = 10.0.40219.1
Project("{FAE04EC0-301F-11D3-BF4B-00C04F79EFBC}") = "GraWżycie", "GraWżycie\GraWżycie.csproj", "{FCBEC77E-A2E8-48D4-BE43-34C5B0532A33}"
EndProject
Global
	GlobalSection(SolutionConfigurationPlatforms) = preSolution
		Debug|Any CPU = Debug|Any CPU
		Release|Any CPU = Release|Any CPU
	EndGlobalSection
	GlobalSection(ProjectConfigurationPlatforms) = postSolution
		{FCBEC77E-A2E8-48D4-BE43-34C5B0532A33}.Debug|Any CPU.ActiveCfg = Debug|Any CPU
		{FCBEC77E-A2E8-48D4-BE43-34C5B0532A33}.Debug|Any CPU.Build.0 = Debug|Any CPU
		{FCBEC77E-A2E8-48D4-BE43-34C5B0532A33}.Release|Any CPU.ActiveCfg = Release|Any CPU
		{FCBEC77E-A2E8-48D4-BE43-34C5B0532A33}.Release|Any CPU.Build.0 = Release|Any CPU
	EndGlobalSection
	GlobalSection(SolutionProperties) = preSolution
		HideSolutionNode = FALSE
	EndGlobalSection
	GlobalSection(ExtensibilityGlobals) = postSolution
		SolutionGuid = {F7E8C5C9-A2D3-4C7F-96A7-A8898917962A}
	EndGlobalSection
EndGlobal
